
Microsoft Visual Studio Solution File, Format Version 12.00
# Visual Studio Version 17
VisualStudioVersion = 17.6.33712.159
MinimumVisualStudioVersion = 10.0.40219.1
Project("{8BC9CEB8-8B4A-11D0-8D11-00A0C91BC942}") = "ElaineEditor", "ElaineEditor.vcxproj", "{F57E5BD2-98C5-4E61-938C-ABAB0AF430C2}"
	ProjectSection(ProjectDependencies) = postProject
		{011C6D36-E279-44D5-8B52-F291FF364832} = {011C6D36-E279-44D5-8B52-F291FF364832}
		{3F4765B4-4382-4B5A-B93E-E2ECCCC3A72F} = {3F4765B4-4382-4B5A-B93E-E2ECCCC3A72F}
	EndProjectSection
EndProject
Project("{8BC9CEB8-8B4A-11D0-8D11-00A0C91BC942}") = "ElaineCore", "..\..\..\ElaineCore\Project\Windows\ElaineCore.vcxproj", "{011C6D36-E279-44D5-8B52-F291FF364832}"
EndProject
Project("{8BC9CEB8-8B4A-11D0-8D11-00A0C91BC942}") = "ElaineEngine", "..\..\..\ElaineEngine\Project\Windows\ElaineEngine.vcxproj", "{3F4765B4-4382-4B5A-B93E-E2ECCCC3A72F}"
	ProjectSection(ProjectDependencies) = postProject
		{011C6D36-E279-44D5-8B52-F291FF364832} = {011C6D36-E279-44D5-8B52-F291FF364832}
	EndProjectSection
EndProject
Global
	GlobalSection(SolutionConfigurationPlatforms) = preSolution
		Debug|x64 = Debug|x64
		Debug|x86 = Debug|x86
		EditorDebug|x64 = EditorDebug|x64
		EditorDebug|x86 = EditorDebug|x86
		EditorRelease|x64 = EditorRelease|x64
		EditorRelease|x86 = EditorRelease|x86
		Release|x64 = Release|x64
		Release|x86 = Release|x86
	EndGlobalSection
	GlobalSection(ProjectConfigurationPlatforms) = postSolution
		{F57E5BD2-98C5-4E61-938C-ABAB0AF430C2}.Debug|x64.ActiveCfg = Debug|x64
		{F57E5BD2-98C5-4E61-938C-ABAB0AF430C2}.Debug|x64.Build.0 = Debug|x64
		{F57E5BD2-98C5-4E61-938C-ABAB0AF430C2}.Debug|x86.ActiveCfg = Debug|Win32
		{F57E5BD2-98C5-4E61-938C-ABAB0AF430C2}.Debug|x86.Build.0 = Debug|Win32
		{F57E5BD2-98C5-4E61-938C-ABAB0AF430C2}.EditorDebug|x64.ActiveCfg = Debug|x64
		{F57E5BD2-98C5-4E61-938C-ABAB0AF430C2}.EditorDebug|x64.Build.0 = Debug|x64
		{F57E5BD2-98C5-4E61-938C-ABAB0AF430C2}.EditorDebug|x86.ActiveCfg = EditorDebug|x64
		{F57E5BD2-98C5-4E61-938C-ABAB0AF430C2}.EditorRelease|x64.ActiveCfg = Release|x64
		{F57E5BD2-98C5-4E61-938C-ABAB0AF430C2}.EditorRelease|x64.Build.0 = Release|x64
		{F57E5BD2-98C5-4E61-938C-ABAB0AF430C2}.EditorRelease|x86.ActiveCfg = EditorRelease|Win32
		{F57E5BD2-98C5-4E61-938C-ABAB0AF430C2}.EditorRelease|x86.Build.0 = EditorRelease|Win32
		{F57E5BD2-98C5-4E61-938C-ABAB0AF430C2}.Release|x64.ActiveCfg = Release|x64
		{F57E5BD2-98C5-4E61-938C-ABAB0AF430C2}.Release|x64.Build.0 = Release|x64
		{F57E5BD2-98C5-4E61-938C-ABAB0AF430C2}.Release|x86.ActiveCfg = Release|Win32
		{F57E5BD2-98C5-4E61-938C-ABAB0AF430C2}.Release|x86.Build.0 = Release|Win32
		{011C6D36-E279-44D5-8B52-F291FF364832}.Debug|x64.ActiveCfg = Debug|x64
		{011C6D36-E279-44D5-8B52-F291FF364832}.Debug|x64.Build.0 = Debug|x64
		{011C6D36-E279-44D5-8B52-F291FF364832}.Debug|x86.ActiveCfg = Debug|Win32
		{011C6D36-E279-44D5-8B52-F291FF364832}.Debug|x86.Build.0 = Debug|Win32
		{011C6D36-E279-44D5-8B52-F291FF364832}.EditorDebug|x64.ActiveCfg = EditorDebug|x64
		{011C6D36-E279-44D5-8B52-F291FF364832}.EditorDebug|x64.Build.0 = EditorDebug|x64
		{011C6D36-E279-44D5-8B52-F291FF364832}.EditorDebug|x86.ActiveCfg = EditorDebug|Win32
		{011C6D36-E279-44D5-8B52-F291FF364832}.EditorDebug|x86.Build.0 = EditorDebug|Win32
		{011C6D36-E279-44D5-8B52-F291FF364832}.EditorRelease|x64.ActiveCfg = EditorRelease|x64
		{011C6D36-E279-44D5-8B52-F291FF364832}.EditorRelease|x64.Build.0 = EditorRelease|x64
		{011C6D36-E279-44D5-8B52-F291FF364832}.EditorRelease|x86.ActiveCfg = EditorRelease|Win32
		{011C6D36-E279-44D5-8B52-F291FF364832}.EditorRelease|x86.Build.0 = EditorRelease|Win32
		{011C6D36-E279-44D5-8B52-F291FF364832}.Release|x64.ActiveCfg = Release|x64
		{011C6D36-E279-44D5-8B52-F291FF364832}.Release|x64.Build.0 = Release|x64
		{011C6D36-E279-44D5-8B52-F291FF364832}.Release|x86.ActiveCfg = Release|Win32
		{011C6D36-E279-44D5-8B52-F291FF364832}.Release|x86.Build.0 = Release|Win32
		{3F4765B4-4382-4B5A-B93E-E2ECCCC3A72F}.Debug|x64.ActiveCfg = Debug|x64
		{3F4765B4-4382-4B5A-B93E-E2ECCCC3A72F}.Debug|x64.Build.0 = Debug|x64
		{3F4765B4-4382-4B5A-B93E-E2ECCCC3A72F}.Debug|x86.ActiveCfg = Debug|Win32
		{3F4765B4-4382-4B5A-B93E-E2ECCCC3A72F}.Debug|x86.Build.0 = Debug|Win32
		{3F4765B4-4382-4B5A-B93E-E2ECCCC3A72F}.EditorDebug|x64.ActiveCfg = EditorDebug|x64
		{3F4765B4-4382-4B5A-B93E-E2ECCCC3A72F}.EditorDebug|x64.Build.0 = EditorDebug|x64
		{3F4765B4-4382-4B5A-B93E-E2ECCCC3A72F}.EditorDebug|x86.ActiveCfg = EditorDebug|Win32
		{3F4765B4-4382-4B5A-B93E-E2ECCCC3A72F}.EditorDebug|x86.Build.0 = EditorDebug|Win32
		{3F4765B4-4382-4B5A-B93E-E2ECCCC3A72F}.EditorRelease|x64.ActiveCfg = EditorRelease|x64
		{3F4765B4-4382-4B5A-B93E-E2ECCCC3A72F}.EditorRelease|x64.Build.0 = EditorRelease|x64
		{3F4765B4-4382-4B5A-B93E-E2ECCCC3A72F}.EditorRelease|x86.ActiveCfg = EditorRelease|Win32
		{3F4765B4-4382-4B5A-B93E-E2ECCCC3A72F}.EditorRelease|x86.Build.0 = EditorRelease|Win32
		{3F4765B4-4382-4B5A-B93E-E2ECCCC3A72F}.Release|x64.ActiveCfg = Release|x64
		{3F4765B4-4382-4B5A-B93E-E2ECCCC3A72F}.Release|x64.Build.0 = Release|x64
		{3F4765B4-4382-4B5A-B93E-E2ECCCC3A72F}.Release|x86.ActiveCfg = Release|Win32
		{3F4765B4-4382-4B5A-B93E-E2ECCCC3A72F}.Release|x86.Build.0 = Release|Win32
	EndGlobalSection
	GlobalSection(SolutionProperties) = preSolution
		HideSolutionNode = FALSE
	EndGlobalSection
	GlobalSection(ExtensibilityGlobals) = postSolution
		SolutionGuid = {BD5F5F2A-9ED3-42D3-8204-F32F2E385329}
	EndGlobalSection
EndGlobal
