<?xml version="1.0" encoding="utf-8"?>
<Project ToolsVersion="4.0" xmlns="http://schemas.microsoft.com/developer/msbuild/2003">
  <ItemGroup>
    <Filter Include="资源文件">
      <UniqueIdentifier>{67DA6AB6-F800-4c08-8B7A-83BB121AAD01}</UniqueIdentifier>
      <Extensions>rc;ico;cur;bmp;dlg;rc2;rct;bin;rgs;gif;jpg;jpeg;jpe;resx;tiff;tif;png;wav;mfcribbon-ms</Extensions>
    </Filter>
    <Filter Include="math">
      <UniqueIdentifier>{2d29a810-555e-45e1-a7d9-4efad4f6946e}</UniqueIdentifier>
    </Filter>
    <Filter Include="logsystem">
      <UniqueIdentifier>{2df73454-007b-4b89-9429-5183193f2dd9}</UniqueIdentifier>
    </Filter>
    <Filter Include="render">
      <UniqueIdentifier>{4248df4d-9dbc-4e6e-9668-1dabf859db99}</UniqueIdentifier>
    </Filter>
    <Filter Include="render\DX12">
      <UniqueIdentifier>{ad8028ea-e179-42fd-8174-6ab06e080f0e}</UniqueIdentifier>
    </Filter>
    <Filter Include="render\Vulkan">
      <UniqueIdentifier>{8b79306c-ea3d-4332-ae3f-2de85277264a}</UniqueIdentifier>
    </Filter>
    <Filter Include="render\common">
      <UniqueIdentifier>{ad6962ac-a158-4276-b17a-6714c8eb0509}</UniqueIdentifier>
    </Filter>
    <Filter Include="scene">
      <UniqueIdentifier>{631b21c8-c0ee-4db1-8b23-0f62acdf3d06}</UniqueIdentifier>
    </Filter>
    <Filter Include="component">
      <UniqueIdentifier>{cc70fb9a-f59d-4f91-864e-a85a139a734d}</UniqueIdentifier>
    </Filter>
    <Filter Include="JobSystem">
      <UniqueIdentifier>{b712d843-61ce-4b53-bc81-2d79e4565c51}</UniqueIdentifier>
    </Filter>
    <Filter Include="resource">
      <UniqueIdentifier>{7bff861b-d252-4690-9203-f0d01fba62a2}</UniqueIdentifier>
    </Filter>
    <Filter Include="Header Files">
      <UniqueIdentifier>{93995380-89BD-4b04-88EB-625FBE52EBFB}</UniqueIdentifier>
      <Extensions>h;hh;hpp;hxx;h++;hm;inl;inc;ipp;xsd</Extensions>
    </Filter>
    <Filter Include="Header Files\common">
      <UniqueIdentifier>{7dc4f3d7-bc57-4ddd-8dfb-977feb93e766}</UniqueIdentifier>
    </Filter>
    <Filter Include="Source Files">
      <UniqueIdentifier>{4FC737F1-C7A5-4376-A066-2A32D752A2FF}</UniqueIdentifier>
      <Extensions>cpp;c;cc;cxx;c++;cppm;ixx;def;odl;idl;hpj;bat;asm;asmx</Extensions>
    </Filter>
    <Filter Include="Source Files\common">
      <UniqueIdentifier>{7d263231-357e-4ab4-a1ad-8107a3a0d12c}</UniqueIdentifier>
    </Filter>
    <Filter Include="Header Files\ElaineThread">
      <UniqueIdentifier>{e684f0b9-bbca-4d2a-a4da-20be70dbfefe}</UniqueIdentifier>
    </Filter>
  </ItemGroup>
  <ItemGroup>
    <ClInclude Include="..\..\Include\ElaineRoot.h">
      <Filter>Header Files</Filter>
    </ClInclude>
    <ClInclude Include="..\..\Include\Common\ElaineCoreMacroDefinition.h">
      <Filter>Header Files\common</Filter>
    </ClInclude>
    <ClInclude Include="..\..\Include\Common\ElaineCorePrerequirements.h">
      <Filter>Header Files\common</Filter>
    </ClInclude>
    <ClInclude Include="..\..\Include\Common\ElaineSingleton.h">
      <Filter>Header Files\common</Filter>
    </ClInclude>
    <ClInclude Include="..\..\Include\Common\ElaineStdRequirements.h">
      <Filter>Header Files\common</Filter>
    </ClInclude>
    <ClInclude Include="..\..\Include\ElaineLogSystem.h">
      <Filter>logsystem</Filter>
    </ClInclude>
    <ClInclude Include="..\..\Include\math\ElaineVector2.h">
      <Filter>math</Filter>
    </ClInclude>
    <ClInclude Include="..\..\Include\math\ElaineMath.h">
      <Filter>math</Filter>
    </ClInclude>
    <ClInclude Include="..\..\Include\math\ElaineVector3.h">
      <Filter>math</Filter>
    </ClInclude>
    <ClInclude Include="..\..\Include\math\ElaineQuaternion.h">
      <Filter>math</Filter>
    </ClInclude>
    <ClInclude Include="..\..\Include\math\ElaineMatrix4.h">
      <Filter>math</Filter>
    </ClInclude>
    <ClInclude Include="..\..\Include\math\ElaineMatrix3.h">
      <Filter>math</Filter>
    </ClInclude>
    <ClInclude Include="..\..\Include\math\ElaineVector4.h">
      <Filter>math</Filter>
    </ClInclude>
    <ClInclude Include="..\..\Include\ElaineFileSystem.h">
      <Filter>Header Files</Filter>
    </ClInclude>
    <ClInclude Include="..\..\Include\Common\ElainePrecompiledHeader.h">
      <Filter>Header Files\common</Filter>
    </ClInclude>
    <ClInclude Include="..\..\Include\Common\ElainePatform.h">
      <Filter>Header Files\common</Filter>
    </ClInclude>
    <ClInclude Include="..\..\Include\math\ElaineRandom.h">
      <Filter>math</Filter>
    </ClInclude>
    <ClInclude Include="..\..\Include\math\ElaineTransform.h">
      <Filter>math</Filter>
    </ClInclude>
    <ClInclude Include="..\..\Include\math\ElaineAxisAlignedBox.h">
      <Filter>math</Filter>
    </ClInclude>
    <ClInclude Include="..\..\Include\ElaineRenderableObject.h">
      <Filter>Header Files</Filter>
    </ClInclude>
    <ClInclude Include="..\..\Include\render\common\ElaineRHI.h">
      <Filter>render\common</Filter>
    </ClInclude>
    <ClInclude Include="..\..\Include\render\common\ElaineRHITypes.h">
      <Filter>render\common</Filter>
    </ClInclude>
    <ClInclude Include="..\..\Include\render\common\ElaineRenderData.h">
      <Filter>render\common</Filter>
    </ClInclude>
    <ClInclude Include="..\..\Include\ElaineSceneNode.h">
      <Filter>scene</Filter>
    </ClInclude>
    <ClInclude Include="..\..\Include\component\ElaineComponent.h">
      <Filter>component</Filter>
    </ClInclude>
    <ClInclude Include="..\..\Include\component\ElaineGameObject.h">
      <Filter>component</Filter>
    </ClInclude>
    <ClInclude Include="..\..\Include\Common\ElaineHash.h">
      <Filter>Header Files\common</Filter>
    </ClInclude>
    <ClInclude Include="..\..\Include\component\ElaineComponentFactory.h">
      <Filter>component</Filter>
    </ClInclude>
    <ClInclude Include="..\..\Include\render\dx12\ElaineDX12RHI.h">
      <Filter>render\DX12</Filter>
    </ClInclude>
    <ClInclude Include="..\..\Include\render\dx12\ElaineDX12Types.h">
      <Filter>render\DX12</Filter>
    </ClInclude>
    <ClInclude Include="..\..\Include\resource\ElaineResourceBase.h">
      <Filter>resource</Filter>
    </ClInclude>
    <ClInclude Include="..\..\Include\resource\ElaineResourceManager.h">
      <Filter>resource</Filter>
    </ClInclude>
    <ClInclude Include="..\..\Include\component\ElaineGameObjectMgr.h">
      <Filter>component</Filter>
    </ClInclude>
    <ClInclude Include="..\..\Include\resource\ElaineGameObjectInfoMgr.h">
      <Filter>resource</Filter>
    </ClInclude>
    <ClInclude Include="..\..\Include\JobSystem\ElaineJob.h">
      <Filter>JobSystem</Filter>
    </ClInclude>
    <ClInclude Include="..\..\Include\JobSystem\ElaineJobSystem.h">
      <Filter>JobSystem</Filter>
    </ClInclude>
    <ClInclude Include="..\..\Include\ElaineThreadManager.h">
      <Filter>Header Files\ElaineThread</Filter>
    </ClInclude>
    <ClInclude Include="..\..\Include\ElaineThread.h">
      <Filter>Header Files\ElaineThread</Filter>
    </ClInclude>
    <ClInclude Include="..\..\Include\ElaineUseCount.h">
      <Filter>Header Files</Filter>
    </ClInclude>
    <ClInclude Include="..\..\Include\resource\ElaineWorkBackStageThread.h">
      <Filter>resource</Filter>
    </ClInclude>
    <ClInclude Include="..\..\Include\component\ElaineTransformComponent.h">
      <Filter>component</Filter>
    </ClInclude>
    <ClInclude Include="..\..\Include\ElaineTimer.h">
      <Filter>Header Files</Filter>
    </ClInclude>
    <ClInclude Include="..\..\Include\ElaineQuadTree.h">
      <Filter>scene</Filter>
    </ClInclude>
    <ClInclude Include="..\..\Include\ElaineResourcePtr.h">
      <Filter>Header Files</Filter>
    </ClInclude>
    <ClInclude Include="..\..\Include\Common\Elaine.h">
      <Filter>Header Files\common</Filter>
    </ClInclude>
    <ClInclude Include="..\..\Include\render\ElaineRenderSystem.h">
      <Filter>render</Filter>
    </ClInclude>
    <ClInclude Include="..\..\Include\render\vulkan\ElaineVulkanRHI.h">
      <Filter>render\Vulkan</Filter>
    </ClInclude>
    <ClInclude Include="..\..\Include\render\vulkan\ElaineVulkanTypes.h">
      <Filter>render\Vulkan</Filter>
    </ClInclude>
    <ClInclude Include="..\..\Include\resource\ElaineMesh.h">
      <Filter>resource</Filter>
    </ClInclude>
    <ClInclude Include="..\..\Include\render\ElaineWindowSystem.h">
      <Filter>render</Filter>
    </ClInclude>
    <ClInclude Include="..\..\Include\render\vulkan\ElaineVulkanUtil.h">
      <Filter>render\Vulkan</Filter>
    </ClInclude>
    <ClInclude Include="..\..\Include\ElaineCamera.h">
      <Filter>Header Files</Filter>
    </ClInclude>
    <ClInclude Include="..\..\Include\render\ElaineEntity.h">
      <Filter>render</Filter>
    </ClInclude>
    <ClInclude Include="..\..\Include\ElaineInputSystem.h">
      <Filter>Header Files</Filter>
    </ClInclude>
    <ClInclude Include="..\..\Include\ElaineSceneManager.h">
      <Filter>scene</Filter>
    </ClInclude>
    <ClInclude Include="..\..\Include\render\ElainePass.h">
      <Filter>render</Filter>
    </ClInclude>
  </ItemGroup>
  <ItemGroup>
    <ClCompile Include="..\..\Source\ElaineRoot.cpp">
      <Filter>Source Files</Filter>
    </ClCompile>
    <ClCompile Include="..\..\Source\ElaineLogSystem.cpp">
      <Filter>logsystem</Filter>
    </ClCompile>
    <ClCompile Include="..\..\Source\math\ElaineVector2.cpp">
      <Filter>math</Filter>
    </ClCompile>
    <ClCompile Include="..\..\Source\math\ElaineMath.cpp">
      <Filter>math</Filter>
    </ClCompile>
    <ClCompile Include="..\..\Source\math\ElaineVector3.cpp">
      <Filter>math</Filter>
    </ClCompile>
    <ClCompile Include="..\..\Source\math\ElaineQuaternion.cpp">
      <Filter>math</Filter>
    </ClCompile>
    <ClCompile Include="..\..\Source\math\ElaineMatrix4.cpp">
      <Filter>math</Filter>
    </ClCompile>
    <ClCompile Include="..\..\Source\math\ElaineMatrix3.cpp">
      <Filter>math</Filter>
    </ClCompile>
    <ClCompile Include="..\..\Source\math\ElaineVector4.cpp">
      <Filter>math</Filter>
    </ClCompile>
    <ClCompile Include="..\..\Source\ElaineFileSystem.cpp">
      <Filter>Source Files</Filter>
    </ClCompile>
    <ClCompile Include="..\..\Source\Common\ElainePrecompiledHeader.cpp">
      <Filter>Source Files\common</Filter>
    </ClCompile>
    <ClCompile Include="..\..\Source\math\ElaineAxisAlignedBox.cpp">
      <Filter>math</Filter>
    </ClCompile>
    <ClCompile Include="..\..\Source\ElaineRenderableObject.cpp">
      <Filter>Source Files</Filter>
    </ClCompile>
    <ClCompile Include="..\..\Source\render\common\ElaineRHI.cpp">
      <Filter>render\common</Filter>
    </ClCompile>
    <ClCompile Include="..\..\Source\ElaineSceneNode.cpp">
      <Filter>scene</Filter>
    </ClCompile>
    <ClCompile Include="..\..\Source\component\ElaineComponent.cpp">
      <Filter>component</Filter>
    </ClCompile>
    <ClCompile Include="..\..\Source\component\ElaineGameObject.cpp">
      <Filter>component</Filter>
    </ClCompile>
    <ClCompile Include="..\..\Source\component\ElaineComponentFactory.cpp">
      <Filter>component</Filter>
    </ClCompile>
    <ClCompile Include="..\..\Source\render\dx12\ElaineDX12RHI.cpp">
      <Filter>render\DX12</Filter>
    </ClCompile>
    <ClCompile Include="..\..\Source\resource\ElaineResourceBase.cpp">
      <Filter>resource</Filter>
    </ClCompile>
    <ClCompile Include="..\..\Source\resource\ElaineResourceManager.cpp">
      <Filter>resource</Filter>
    </ClCompile>
    <ClCompile Include="..\..\Source\component\ElaineGameObjectMgr.cpp">
      <Filter>component</Filter>
    </ClCompile>
    <ClCompile Include="..\..\Source\resource\ElaineGameObjectInfoMgr.cpp">
      <Filter>resource</Filter>
    </ClCompile>
    <ClCompile Include="..\..\Source\Common\ElaineHash.cpp">
      <Filter>Source Files\common</Filter>
    </ClCompile>
    <ClCompile Include="..\..\Source\JobSystem\ElaineJob.cpp">
      <Filter>JobSystem</Filter>
    </ClCompile>
    <ClCompile Include="..\..\Source\JobSystem\ElaineJobSystem.cpp">
      <Filter>JobSystem</Filter>
    </ClCompile>
    <ClCompile Include="..\..\Source\ElaineThreadManager.cpp">
      <Filter>Header Files\ElaineThread</Filter>
    </ClCompile>
    <ClCompile Include="..\..\Source\ElaineThread.cpp">
      <Filter>Header Files\ElaineThread</Filter>
    </ClCompile>
    <ClCompile Include="..\..\Source\ElaineUseCount.cpp">
      <Filter>Source Files</Filter>
    </ClCompile>
    <ClCompile Include="..\..\Source\resource\ElaineWorkBackStageThread.cpp">
      <Filter>resource</Filter>
    </ClCompile>
    <ClCompile Include="..\..\Source\component\ElaineTransformComponent.cpp">
      <Filter>component</Filter>
    </ClCompile>
    <ClCompile Include="..\..\Source\ElaineTimer.cpp">
      <Filter>Source Files</Filter>
    </ClCompile>
    <ClCompile Include="..\..\Source\ElaineQuadTree.cpp">
      <Filter>scene</Filter>
    </ClCompile>
    <ClCompile Include="..\..\Source\ElaineResourcePtr.cpp">
      <Filter>Source Files</Filter>
    </ClCompile>
    <ClCompile Include="..\..\Source\Common\Elaine.cpp">
      <Filter>Source Files\common</Filter>
    </ClCompile>
    <ClCompile Include="..\..\Source\render\ElaineRenderSystem.cpp">
      <Filter>render</Filter>
    </ClCompile>
    <ClCompile Include="..\..\Source\render\vulkan\ElaineVulkanRHI.cpp">
      <Filter>render\Vulkan</Filter>
    </ClCompile>
    <ClCompile Include="..\..\Source\resource\ElaineMesh.cpp">
      <Filter>resource</Filter>
    </ClCompile>
    <ClCompile Include="..\..\Source\render\ElaineWindowSystem.cpp">
      <Filter>render</Filter>
    </ClCompile>
    <ClCompile Include="..\..\Source\render\vulkan\ElaineVulkanUtil.cpp">
      <Filter>render\Vulkan</Filter>
    </ClCompile>
    <ClCompile Include="..\..\Source\ElaineCamera.cpp">
      <Filter>Source Files</Filter>
    </ClCompile>
    <ClCompile Include="..\..\Source\render\ElaineEntity.cpp">
      <Filter>render</Filter>
    </ClCompile>
    <ClCompile Include="..\..\Source\ElaineInputSystem.cpp">
      <Filter>Source Files</Filter>
    </ClCompile>
    <ClCompile Include="..\..\Source\ElaineSceneManager.cpp">
      <Filter>scene</Filter>
    </ClCompile>
    <ClCompile Include="..\..\Source\render\ElainePass.cpp">
      <Filter>render</Filter>
    </ClCompile>
  </ItemGroup>
</Project>